
Microsoft Visual Studio Solution File, Format Version 12.00
# Visual Studio Version 16
VisualStudioVersion = 16.0.30406.217
MinimumVisualStudioVersion = 10.0.40219.1
Project("{2150E333-8FDC-42A3-9474-1A3956D46DE8}") = "API", "API", "{DA2D9B2A-2293-4113-B2EA-6752159B40E7}"
EndProject
Project("{9A19103F-16F7-4668-BE54-9A1E7A4F7556}") = "BusinessLogic", "BusinessLogic\BusinessLogic.csproj", "{DA6EE949-1D41-4396-B336-73732D74AA24}"
EndProject
Project("{9A19103F-16F7-4668-BE54-9A1E7A4F7556}") = "DataAccess", "DataAccess\DataAccess.csproj", "{F65ADDB1-F70A-47B4-AFF4-54F92D8DBAD4}"
EndProject
Project("{9A19103F-16F7-4668-BE54-9A1E7A4F7556}") = "Domain", "Domain\Domain.csproj", "{9CDC0B93-CFF5-4F37-92AB-60F23C765FB6}"
EndProject
Project("{2150E333-8FDC-42A3-9474-1A3956D46DE8}") = "Infrastructure", "Infrastructure", "{573216D9-8131-4CE8-92BD-573462C08252}"
EndProject
Project("{9A19103F-16F7-4668-BE54-9A1E7A4F7556}") = "Utils", "Utils\Utils.csproj", "{00869023-3BB3-48CD-8F0A-8DAA77B066A6}"
EndProject
Project("{9A19103F-16F7-4668-BE54-9A1E7A4F7556}") = "Common", "Common\Common.csproj", "{B945F8E8-2330-4DAF-9619-28EDB0E0A945}"
EndProject
Project("{9A19103F-16F7-4668-BE54-9A1E7A4F7556}") = "EmployeeAPI", "EmployeeAPI\EmployeeAPI.csproj", "{7DBFAAA5-4F40-4901-BA4F-CC93F830454E}"
EndProject
Project("{2150E333-8FDC-42A3-9474-1A3956D46DE8}") = "Tests", "Tests", "{A4ED2097-D955-4835-BCC6-8E94EF697067}"
EndProject
Project("{9A19103F-16F7-4668-BE54-9A1E7A4F7556}") = "BusinessTest", "BusinessTest\BusinessTest.csproj", "{D71D3B77-EED9-46E1-9B40-D6235FEAFCBB}"
EndProject
Global
	GlobalSection(SolutionConfigurationPlatforms) = preSolution
		Debug|Any CPU = Debug|Any CPU
		Release|Any CPU = Release|Any CPU
	EndGlobalSection
	GlobalSection(ProjectConfigurationPlatforms) = postSolution
		{DA6EE949-1D41-4396-B336-73732D74AA24}.Debug|Any CPU.ActiveCfg = Debug|Any CPU
		{DA6EE949-1D41-4396-B336-73732D74AA24}.Debug|Any CPU.Build.0 = Debug|Any CPU
		{DA6EE949-1D41-4396-B336-73732D74AA24}.Release|Any CPU.ActiveCfg = Release|Any CPU
		{DA6EE949-1D41-4396-B336-73732D74AA24}.Release|Any CPU.Build.0 = Release|Any CPU
		{F65ADDB1-F70A-47B4-AFF4-54F92D8DBAD4}.Debug|Any CPU.ActiveCfg = Debug|Any CPU
		{F65ADDB1-F70A-47B4-AFF4-54F92D8DBAD4}.Debug|Any CPU.Build.0 = Debug|Any CPU
		{F65ADDB1-F70A-47B4-AFF4-54F92D8DBAD4}.Release|Any CPU.ActiveCfg = Release|Any CPU
		{F65ADDB1-F70A-47B4-AFF4-54F92D8DBAD4}.Release|Any CPU.Build.0 = Release|Any CPU
		{9CDC0B93-CFF5-4F37-92AB-60F23C765FB6}.Debug|Any CPU.ActiveCfg = Debug|Any CPU
		{9CDC0B93-CFF5-4F37-92AB-60F23C765FB6}.Debug|Any CPU.Build.0 = Debug|Any CPU
		{9CDC0B93-CFF5-4F37-92AB-60F23C765FB6}.Release|Any CPU.ActiveCfg = Release|Any CPU
		{9CDC0B93-CFF5-4F37-92AB-60F23C765FB6}.Release|Any CPU.Build.0 = Release|Any CPU
		{00869023-3BB3-48CD-8F0A-8DAA77B066A6}.Debug|Any CPU.ActiveCfg = Debug|Any CPU
		{00869023-3BB3-48CD-8F0A-8DAA77B066A6}.Debug|Any CPU.Build.0 = Debug|Any CPU
		{00869023-3BB3-48CD-8F0A-8DAA77B066A6}.Release|Any CPU.ActiveCfg = Release|Any CPU
		{00869023-3BB3-48CD-8F0A-8DAA77B066A6}.Release|Any CPU.Build.0 = Release|Any CPU
		{B945F8E8-2330-4DAF-9619-28EDB0E0A945}.Debug|Any CPU.ActiveCfg = Debug|Any CPU
		{B945F8E8-2330-4DAF-9619-28EDB0E0A945}.Debug|Any CPU.Build.0 = Debug|Any CPU
		{B945F8E8-2330-4DAF-9619-28EDB0E0A945}.Release|Any CPU.ActiveCfg = Release|Any CPU
		{B945F8E8-2330-4DAF-9619-28EDB0E0A945}.Release|Any CPU.Build.0 = Release|Any CPU
		{7DBFAAA5-4F40-4901-BA4F-CC93F830454E}.Debug|Any CPU.ActiveCfg = Debug|Any CPU
		{7DBFAAA5-4F40-4901-BA4F-CC93F830454E}.Debug|Any CPU.Build.0 = Debug|Any CPU
		{7DBFAAA5-4F40-4901-BA4F-CC93F830454E}.Release|Any CPU.ActiveCfg = Release|Any CPU
		{7DBFAAA5-4F40-4901-BA4F-CC93F830454E}.Release|Any CPU.Build.0 = Release|Any CPU
		{D71D3B77-EED9-46E1-9B40-D6235FEAFCBB}.Debug|Any CPU.ActiveCfg = Debug|Any CPU
		{D71D3B77-EED9-46E1-9B40-D6235FEAFCBB}.Debug|Any CPU.Build.0 = Debug|Any CPU
		{D71D3B77-EED9-46E1-9B40-D6235FEAFCBB}.Release|Any CPU.ActiveCfg = Release|Any CPU
		{D71D3B77-EED9-46E1-9B40-D6235FEAFCBB}.Release|Any CPU.Build.0 = Release|Any CPU
	EndGlobalSection
	GlobalSection(SolutionProperties) = preSolution
		HideSolutionNode = FALSE
	EndGlobalSection
	GlobalSection(NestedProjects) = preSolution
		{DA6EE949-1D41-4396-B336-73732D74AA24} = {DA2D9B2A-2293-4113-B2EA-6752159B40E7}
		{F65ADDB1-F70A-47B4-AFF4-54F92D8DBAD4} = {DA2D9B2A-2293-4113-B2EA-6752159B40E7}
		{9CDC0B93-CFF5-4F37-92AB-60F23C765FB6} = {DA2D9B2A-2293-4113-B2EA-6752159B40E7}
		{00869023-3BB3-48CD-8F0A-8DAA77B066A6} = {573216D9-8131-4CE8-92BD-573462C08252}
		{B945F8E8-2330-4DAF-9619-28EDB0E0A945} = {573216D9-8131-4CE8-92BD-573462C08252}
		{7DBFAAA5-4F40-4901-BA4F-CC93F830454E} = {DA2D9B2A-2293-4113-B2EA-6752159B40E7}
		{A4ED2097-D955-4835-BCC6-8E94EF697067} = {DA2D9B2A-2293-4113-B2EA-6752159B40E7}
		{D71D3B77-EED9-46E1-9B40-D6235FEAFCBB} = {A4ED2097-D955-4835-BCC6-8E94EF697067}
	EndGlobalSection
	GlobalSection(ExtensibilityGlobals) = postSolution
		SolutionGuid = {6EDFDB03-D92E-4FCA-AA6C-6465195A1CF1}
	EndGlobalSection
EndGlobal
